
Microsoft Visual Studio Solution File, Format Version 12.00
# Visual Studio 15
VisualStudioVersion = 15.0.27703.2042
MinimumVisualStudioVersion = 10.0.40219.1
Project("{FAE04EC0-301F-11D3-BF4B-00C04F79EFBC}") = "Production", "Production\Production.csproj", "{76A4103B-4A48-4EAE-8E47-302140F90562}"
EndProject
Project("{FAE04EC0-301F-11D3-BF4B-00C04F79EFBC}") = "ProductionAdmin", "ProductionAdmin\ProductionAdmin.csproj", "{0CE1EB12-DBBE-4E77-9B03-F74077C381AA}"
EndProject
Global
	GlobalSection(SolutionConfigurationPlatforms) = preSolution
		Debug|Any CPU = Debug|Any CPU
		Release|Any CPU = Release|Any CPU
	EndGlobalSection
	GlobalSection(ProjectConfigurationPlatforms) = postSolution
		{76A4103B-4A48-4EAE-8E47-302140F90562}.Debug|Any CPU.ActiveCfg = Debug|Any CPU
		{76A4103B-4A48-4EAE-8E47-302140F90562}.Debug|Any CPU.Build.0 = Debug|Any CPU
		{76A4103B-4A48-4EAE-8E47-302140F90562}.Release|Any CPU.ActiveCfg = Release|Any CPU
		{76A4103B-4A48-4EAE-8E47-302140F90562}.Release|Any CPU.Build.0 = Release|Any CPU
		{0CE1EB12-DBBE-4E77-9B03-F74077C381AA}.Debug|Any CPU.ActiveCfg = Debug|Any CPU
		{0CE1EB12-DBBE-4E77-9B03-F74077C381AA}.Debug|Any CPU.Build.0 = Debug|Any CPU
		{0CE1EB12-DBBE-4E77-9B03-F74077C381AA}.Release|Any CPU.ActiveCfg = Release|Any CPU
		{0CE1EB12-DBBE-4E77-9B03-F74077C381AA}.Release|Any CPU.Build.0 = Release|Any CPU
	EndGlobalSection
	GlobalSection(SolutionProperties) = preSolution
		HideSolutionNode = FALSE
	EndGlobalSection
	GlobalSection(ExtensibilityGlobals) = postSolution
		SolutionGuid = {A2351A18-5E09-48D2-A3C7-048B39E10442}
	EndGlobalSection
EndGlobal
